// !$*UTF8*$!
{
	archiveVersion = 1;
	classes = {
	};
	objectVersion = 55;
	objects = {

/* Begin PBXBuildFile section */
		EB6DC78B271981DB006B4A56 /* Assets.xcassets in Resources */ = {isa = PBXBuildFile; fileRef = EB6DC78A271981DB006B4A56 /* Assets.xcassets */; };
		EB6DC78E271981DC006B4A56 /* Preview Assets.xcassets in Resources */ = {isa = PBXBuildFile; fileRef = EB6DC78D271981DC006B4A56 /* Preview Assets.xcassets */; };
		EB6DC798271981DC006B4A56 /* NitrogenTests.swift in Sources */ = {isa = PBXBuildFile; fileRef = EB6DC797271981DC006B4A56 /* NitrogenTests.swift */; };
		EB6DC7A2271981DC006B4A56 /* NitrogenUITests.swift in Sources */ = {isa = PBXBuildFile; fileRef = EB6DC7A1271981DC006B4A56 /* NitrogenUITests.swift */; };
		EB7B7D29274D83F000E63999 /* sneedview.swift in Sources */ = {isa = PBXBuildFile; fileRef = EB7B7D28274D83F000E63999 /* sneedview.swift */; };
		EBF4744D273AC448004E2E16 /* AboutView.swift in Sources */ = {isa = PBXBuildFile; fileRef = EBF47445273AC447004E2E16 /* AboutView.swift */; };
		EBF4744E273AC448004E2E16 /* HelpViews.swift in Sources */ = {isa = PBXBuildFile; fileRef = EBF4744C273AC448004E2E16 /* HelpViews.swift */; };
		EBF4744F273AC448004E2E16 /* ContentView.swift in Sources */ = {isa = PBXBuildFile; fileRef = EBF47446273AC447004E2E16 /* ContentView.swift */; };
		EBF47450273AC448004E2E16 /* BatteryTestView.swift in Sources */ = {isa = PBXBuildFile; fileRef = EBF47448273AC448004E2E16 /* BatteryTestView.swift */; };
		EBF47451273AC448004E2E16 /* NitrogenApp.swift in Sources */ = {isa = PBXBuildFile; fileRef = EBF47447273AC447004E2E16 /* NitrogenApp.swift */; };
		EBF47452273AC448004E2E16 /* DeviceView.swift in Sources */ = {isa = PBXBuildFile; fileRef = EBF4744B273AC448004E2E16 /* DeviceView.swift */; };
		EBF47453273AC448004E2E16 /* HWInfoGetter.swift in Sources */ = {isa = PBXBuildFile; fileRef = EBF47449273AC448004E2E16 /* HWInfoGetter.swift */; };
		EBF47454273AC448004E2E16 /* LicenseView.swift in Sources */ = {isa = PBXBuildFile; fileRef = EBF4744A273AC448004E2E16 /* LicenseView.swift */; };
		EBF47459273AC7D4004E2E16 /* AboutView.swift in Sources */ = {isa = PBXBuildFile; fileRef = EBF47445273AC447004E2E16 /* AboutView.swift */; };
		EBF4745A273AC7D4004E2E16 /* HelpViews.swift in Sources */ = {isa = PBXBuildFile; fileRef = EBF4744C273AC448004E2E16 /* HelpViews.swift */; };
		EBF4745B273AC7D4004E2E16 /* LicenseView.swift in Sources */ = {isa = PBXBuildFile; fileRef = EBF4744A273AC448004E2E16 /* LicenseView.swift */; };
		EBF4745C273AC7D4004E2E16 /* DeviceView.swift in Sources */ = {isa = PBXBuildFile; fileRef = EBF4744B273AC448004E2E16 /* DeviceView.swift */; };
		EBF4745D273AC7D4004E2E16 /* NitrogenApp.swift in Sources */ = {isa = PBXBuildFile; fileRef = EBF47447273AC447004E2E16 /* NitrogenApp.swift */; };
		EBF4745E273AC7D4004E2E16 /* BatteryTestView.swift in Sources */ = {isa = PBXBuildFile; fileRef = EBF47448273AC448004E2E16 /* BatteryTestView.swift */; };
		EBF4745F273AC7D4004E2E16 /* ContentView.swift in Sources */ = {isa = PBXBuildFile; fileRef = EBF47446273AC447004E2E16 /* ContentView.swift */; };
		EBF47460273AC7D4004E2E16 /* HWInfoGetter.swift in Sources */ = {isa = PBXBuildFile; fileRef = EBF47449273AC448004E2E16 /* HWInfoGetter.swift */; };
		EBF47462273AC7D4004E2E16 /* SlideOverCard in Frameworks */ = {isa = PBXBuildFile; productRef = EBF47456273AC7D4004E2E16 /* SlideOverCard */; };
		EBF47464273AC7D4004E2E16 /* Preview Assets.xcassets in Resources */ = {isa = PBXBuildFile; fileRef = EB6DC78D271981DC006B4A56 /* Preview Assets.xcassets */; };
		EBF47465273AC7D4004E2E16 /* Assets.xcassets in Resources */ = {isa = PBXBuildFile; fileRef = EB6DC78A271981DB006B4A56 /* Assets.xcassets */; };
/* End PBXBuildFile section */

/* Begin PBXContainerItemProxy section */
		EB6DC794271981DC006B4A56 /* PBXContainerItemProxy */ = {
			isa = PBXContainerItemProxy;
			containerPortal = EB6DC77B271981DA006B4A56 /* Project object */;
			proxyType = 1;
			remoteGlobalIDString = EB6DC782271981DA006B4A56;
			remoteInfo = "photos printed";
		};
		EB6DC79E271981DC006B4A56 /* PBXContainerItemProxy */ = {
			isa = PBXContainerItemProxy;
			containerPortal = EB6DC77B271981DA006B4A56 /* Project object */;
			proxyType = 1;
			remoteGlobalIDString = EB6DC782271981DA006B4A56;
			remoteInfo = "photos printed";
		};
/* End PBXContainerItemProxy section */

/* Begin PBXFileReference section */
		EB6DC783271981DA006B4A56 /* Nitrogen.app */ = {isa = PBXFileReference; explicitFileType = wrapper.application; includeInIndex = 0; path = Nitrogen.app; sourceTree = BUILT_PRODUCTS_DIR; };
		EB6DC78A271981DB006B4A56 /* Assets.xcassets */ = {isa = PBXFileReference; lastKnownFileType = folder.assetcatalog; path = Assets.xcassets; sourceTree = "<group>"; };
		EB6DC78D271981DC006B4A56 /* Preview Assets.xcassets */ = {isa = PBXFileReference; lastKnownFileType = folder.assetcatalog; path = "Preview Assets.xcassets"; sourceTree = "<group>"; };
		EB6DC793271981DC006B4A56 /* NitrogenTests.xctest */ = {isa = PBXFileReference; explicitFileType = wrapper.cfbundle; includeInIndex = 0; path = NitrogenTests.xctest; sourceTree = BUILT_PRODUCTS_DIR; };
		EB6DC797271981DC006B4A56 /* NitrogenTests.swift */ = {isa = PBXFileReference; lastKnownFileType = sourcecode.swift; path = NitrogenTests.swift; sourceTree = "<group>"; };
		EB6DC79D271981DC006B4A56 /* NitrogenUITests.xctest */ = {isa = PBXFileReference; explicitFileType = wrapper.cfbundle; includeInIndex = 0; path = NitrogenUITests.xctest; sourceTree = BUILT_PRODUCTS_DIR; };
		EB6DC7A1271981DC006B4A56 /* NitrogenUITests.swift */ = {isa = PBXFileReference; lastKnownFileType = sourcecode.swift; path = NitrogenUITests.swift; sourceTree = "<group>"; };
		EB7B7D28274D83F000E63999 /* sneedview.swift */ = {isa = PBXFileReference; lastKnownFileType = sourcecode.swift; name = sneedview.swift; path = ../../../../Downloads/sneedview.swift; sourceTree = "<group>"; };
		EBF47445273AC447004E2E16 /* AboutView.swift */ = {isa = PBXFileReference; lastKnownFileType = sourcecode.swift; path = AboutView.swift; sourceTree = "<group>"; };
		EBF47446273AC447004E2E16 /* ContentView.swift */ = {isa = PBXFileReference; lastKnownFileType = sourcecode.swift; path = ContentView.swift; sourceTree = "<group>"; };
		EBF47447273AC447004E2E16 /* NitrogenApp.swift */ = {isa = PBXFileReference; lastKnownFileType = sourcecode.swift; path = NitrogenApp.swift; sourceTree = "<group>"; };
		EBF47448273AC448004E2E16 /* BatteryTestView.swift */ = {isa = PBXFileReference; lastKnownFileType = sourcecode.swift; path = BatteryTestView.swift; sourceTree = "<group>"; };
		EBF47449273AC448004E2E16 /* HWInfoGetter.swift */ = {isa = PBXFileReference; lastKnownFileType = sourcecode.swift; path = HWInfoGetter.swift; sourceTree = "<group>"; };
		EBF4744A273AC448004E2E16 /* LicenseView.swift */ = {isa = PBXFileReference; lastKnownFileType = sourcecode.swift; path = LicenseView.swift; sourceTree = "<group>"; };
		EBF4744B273AC448004E2E16 /* DeviceView.swift */ = {isa = PBXFileReference; lastKnownFileType = sourcecode.swift; path = DeviceView.swift; sourceTree = "<group>"; };
		EBF4744C273AC448004E2E16 /* HelpViews.swift */ = {isa = PBXFileReference; lastKnownFileType = sourcecode.swift; path = HelpViews.swift; sourceTree = "<group>"; };
		EBF47469273AC7D4004E2E16 /* Nitrogen-iPad-test-thing.app */ = {isa = PBXFileReference; explicitFileType = wrapper.application; includeInIndex = 0; path = "Nitrogen-iPad-test-thing.app"; sourceTree = BUILT_PRODUCTS_DIR; };
		EBF4746B273ACAEF004E2E16 /* Nitrogen-iPad-Info.plist */ = {isa = PBXFileReference; lastKnownFileType = text.plist; path = "Nitrogen-iPad-Info.plist"; sourceTree = "<group>"; };
		EBF4746C273ACAF4004E2E16 /* Info.plist */ = {isa = PBXFileReference; lastKnownFileType = text.plist; path = Info.plist; sourceTree = "<group>"; };
/* End PBXFileReference section */

/* Begin PBXFrameworksBuildPhase section */
		EB6DC780271981DA006B4A56 /* Frameworks */ = {
			isa = PBXFrameworksBuildPhase;
			buildActionMask = 2147483647;
			files = (
			);
			runOnlyForDeploymentPostprocessing = 0;
		};
		EB6DC790271981DC006B4A56 /* Frameworks */ = {
			isa = PBXFrameworksBuildPhase;
			buildActionMask = 2147483647;
			files = (
			);
			runOnlyForDeploymentPostprocessing = 0;
		};
		EB6DC79A271981DC006B4A56 /* Frameworks */ = {
			isa = PBXFrameworksBuildPhase;
			buildActionMask = 2147483647;
			files = (
			);
			runOnlyForDeploymentPostprocessing = 0;
		};
		EBF47461273AC7D4004E2E16 /* Frameworks */ = {
			isa = PBXFrameworksBuildPhase;
			buildActionMask = 2147483647;
			files = (
				EBF47462273AC7D4004E2E16 /* SlideOverCard in Frameworks */,
			);
			runOnlyForDeploymentPostprocessing = 0;
		};
/* End PBXFrameworksBuildPhase section */

/* Begin PBXGroup section */
		EB6DC77A271981DA006B4A56 = {
			isa = PBXGroup;
			children = (
				EBF4746B273ACAEF004E2E16 /* Nitrogen-iPad-Info.plist */,
				EBF4746A273AC7D4004E2E16 /* Resources-iPad */,
				EB6DC785271981DA006B4A56 /* Nitrogen */,
				EB6DC796271981DC006B4A56 /* NitrogenTests */,
				EB6DC7A0271981DC006B4A56 /* NitrogenUITests */,
				EB6DC784271981DA006B4A56 /* Products */,
			);
			sourceTree = "<group>";
		};
		EB6DC784271981DA006B4A56 /* Products */ = {
			isa = PBXGroup;
			children = (
				EB6DC783271981DA006B4A56 /* Nitrogen.app */,
				EB6DC793271981DC006B4A56 /* NitrogenTests.xctest */,
				EB6DC79D271981DC006B4A56 /* NitrogenUITests.xctest */,
				EBF47469273AC7D4004E2E16 /* Nitrogen-iPad-test-thing.app */,
			);
			name = Products;
			sourceTree = "<group>";
		};
		EB6DC785271981DA006B4A56 /* Nitrogen */ = {
			isa = PBXGroup;
			children = (
				EBF4746C273ACAF4004E2E16 /* Info.plist */,
				EBF47447273AC447004E2E16 /* NitrogenApp.swift */,
				EBF47446273AC447004E2E16 /* ContentView.swift */,
				EBF4744B273AC448004E2E16 /* DeviceView.swift */,
				EB7B7D28274D83F000E63999 /* sneedview.swift */,
				EBF47448273AC448004E2E16 /* BatteryTestView.swift */,
				EBF4744C273AC448004E2E16 /* HelpViews.swift */,
				EBF47445273AC447004E2E16 /* AboutView.swift */,
				EBF4744A273AC448004E2E16 /* LicenseView.swift */,
				EBF47449273AC448004E2E16 /* HWInfoGetter.swift */,
				EB6DC78A271981DB006B4A56 /* Assets.xcassets */,
				EB6DC78C271981DC006B4A56 /* Preview Content */,
			);
			path = Nitrogen;
			sourceTree = "<group>";
		};
		EB6DC78C271981DC006B4A56 /* Preview Content */ = {
			isa = PBXGroup;
			children = (
				EB6DC78D271981DC006B4A56 /* Preview Assets.xcassets */,
			);
			path = "Preview Content";
			sourceTree = "<group>";
		};
		EB6DC796271981DC006B4A56 /* NitrogenTests */ = {
			isa = PBXGroup;
			children = (
				EB6DC797271981DC006B4A56 /* NitrogenTests.swift */,
			);
			path = NitrogenTests;
			sourceTree = "<group>";
		};
		EB6DC7A0271981DC006B4A56 /* NitrogenUITests */ = {
			isa = PBXGroup;
			children = (
				EB6DC7A1271981DC006B4A56 /* NitrogenUITests.swift */,
			);
			path = NitrogenUITests;
			sourceTree = "<group>";
		};
		EBF4746A273AC7D4004E2E16 /* Resources-iPad */ = {
			isa = PBXGroup;
			children = (
			);
			name = "Resources-iPad";
			sourceTree = "<group>";
		};
/* End PBXGroup section */

/* Begin PBXNativeTarget section */
		EB6DC782271981DA006B4A56 /* Nitrogen */ = {
			isa = PBXNativeTarget;
			buildConfigurationList = EB6DC7A5271981DC006B4A56 /* Build configuration list for PBXNativeTarget "Nitrogen" */;
			buildPhases = (
				EB6DC77F271981DA006B4A56 /* Sources */,
				EB6DC780271981DA006B4A56 /* Frameworks */,
				EB6DC781271981DA006B4A56 /* Resources */,
			);
			buildRules = (
			);
			dependencies = (
			);
			name = Nitrogen;
			packageProductDependencies = (
			);
			productName = "photos printed";
			productReference = EB6DC783271981DA006B4A56 /* Nitrogen.app */;
			productType = "com.apple.product-type.application";
		};
		EB6DC792271981DC006B4A56 /* NitrogenTests */ = {
			isa = PBXNativeTarget;
			buildConfigurationList = EB6DC7A8271981DC006B4A56 /* Build configuration list for PBXNativeTarget "NitrogenTests" */;
			buildPhases = (
				EB6DC78F271981DC006B4A56 /* Sources */,
				EB6DC790271981DC006B4A56 /* Frameworks */,
				EB6DC791271981DC006B4A56 /* Resources */,
			);
			buildRules = (
			);
			dependencies = (
				EB6DC795271981DC006B4A56 /* PBXTargetDependency */,
			);
			name = NitrogenTests;
			productName = "photos printedTests";
			productReference = EB6DC793271981DC006B4A56 /* NitrogenTests.xctest */;
			productType = "com.apple.product-type.bundle.unit-test";
		};
		EB6DC79C271981DC006B4A56 /* NitrogenUITests */ = {
			isa = PBXNativeTarget;
			buildConfigurationList = EB6DC7AB271981DC006B4A56 /* Build configuration list for PBXNativeTarget "NitrogenUITests" */;
			buildPhases = (
				EB6DC799271981DC006B4A56 /* Sources */,
				EB6DC79A271981DC006B4A56 /* Frameworks */,
				EB6DC79B271981DC006B4A56 /* Resources */,
			);
			buildRules = (
			);
			dependencies = (
				EB6DC79F271981DC006B4A56 /* PBXTargetDependency */,
			);
			name = NitrogenUITests;
			productName = "photos printedUITests";
			productReference = EB6DC79D271981DC006B4A56 /* NitrogenUITests.xctest */;
			productType = "com.apple.product-type.bundle.ui-testing";
		};
		EBF47455273AC7D4004E2E16 /* Nitrogen-iPad */ = {
			isa = PBXNativeTarget;
			buildConfigurationList = EBF47466273AC7D4004E2E16 /* Build configuration list for PBXNativeTarget "Nitrogen-iPad" */;
			buildPhases = (
				EBF47458273AC7D4004E2E16 /* Sources */,
				EBF47461273AC7D4004E2E16 /* Frameworks */,
				EBF47463273AC7D4004E2E16 /* Resources */,
			);
			buildRules = (
			);
			dependencies = (
			);
			name = "Nitrogen-iPad";
			packageProductDependencies = (
				EBF47456273AC7D4004E2E16 /* SlideOverCard */,
			);
			productName = "photos printed";
			productReference = EBF47469273AC7D4004E2E16 /* Nitrogen-iPad-test-thing.app */;
			productType = "com.apple.product-type.application";
		};
/* End PBXNativeTarget section */

/* Begin PBXProject section */
		EB6DC77B271981DA006B4A56 /* Project object */ = {
			isa = PBXProject;
			attributes = {
				BuildIndependentTargetsInParallel = 1;
				LastSwiftUpdateCheck = 1300;
				LastUpgradeCheck = 1300;
				TargetAttributes = {
					EB6DC782271981DA006B4A56 = {
						CreatedOnToolsVersion = 13.0;
					};
					EB6DC792271981DC006B4A56 = {
						CreatedOnToolsVersion = 13.0;
						TestTargetID = EB6DC782271981DA006B4A56;
					};
					EB6DC79C271981DC006B4A56 = {
						CreatedOnToolsVersion = 13.0;
						TestTargetID = EB6DC782271981DA006B4A56;
					};
				};
			};
			buildConfigurationList = EB6DC77E271981DA006B4A56 /* Build configuration list for PBXProject "Nitrogen" */;
			compatibilityVersion = "Xcode 13.0";
			developmentRegion = en;
			hasScannedForEncodings = 0;
			knownRegions = (
				en,
				Base,
			);
			mainGroup = EB6DC77A271981DA006B4A56;
			packageReferences = (
			);
			productRefGroup = EB6DC784271981DA006B4A56 /* Products */;
			projectDirPath = "";
			projectRoot = "";
			targets = (
				EB6DC782271981DA006B4A56 /* Nitrogen */,
				EBF47455273AC7D4004E2E16 /* Nitrogen-iPad */,
				EB6DC792271981DC006B4A56 /* NitrogenTests */,
				EB6DC79C271981DC006B4A56 /* NitrogenUITests */,
			);
		};
/* End PBXProject section */

/* Begin PBXResourcesBuildPhase section */
		EB6DC781271981DA006B4A56 /* Resources */ = {
			isa = PBXResourcesBuildPhase;
			buildActionMask = 2147483647;
			files = (
				EB6DC78E271981DC006B4A56 /* Preview Assets.xcassets in Resources */,
				EB6DC78B271981DB006B4A56 /* Assets.xcassets in Resources */,
			);
			runOnlyForDeploymentPostprocessing = 0;
		};
		EB6DC791271981DC006B4A56 /* Resources */ = {
			isa = PBXResourcesBuildPhase;
			buildActionMask = 2147483647;
			files = (
			);
			runOnlyForDeploymentPostprocessing = 0;
		};
		EB6DC79B271981DC006B4A56 /* Resources */ = {
			isa = PBXResourcesBuildPhase;
			buildActionMask = 2147483647;
			files = (
			);
			runOnlyForDeploymentPostprocessing = 0;
		};
		EBF47463273AC7D4004E2E16 /* Resources */ = {
			isa = PBXResourcesBuildPhase;
			buildActionMask = 2147483647;
			files = (
				EBF47464273AC7D4004E2E16 /* Preview Assets.xcassets in Resources */,
				EBF47465273AC7D4004E2E16 /* Assets.xcassets in Resources */,
			);
			runOnlyForDeploymentPostprocessing = 0;
		};
/* End PBXResourcesBuildPhase section */

/* Begin PBXSourcesBuildPhase section */
		EB6DC77F271981DA006B4A56 /* Sources */ = {
			isa = PBXSourcesBuildPhase;
			buildActionMask = 2147483647;
			files = (
				EBF4744D273AC448004E2E16 /* AboutView.swift in Sources */,
				EBF4744E273AC448004E2E16 /* HelpViews.swift in Sources */,
				EB7B7D29274D83F000E63999 /* sneedview.swift in Sources */,
				EBF47454273AC448004E2E16 /* LicenseView.swift in Sources */,
				EBF47452273AC448004E2E16 /* DeviceView.swift in Sources */,
				EBF47451273AC448004E2E16 /* NitrogenApp.swift in Sources */,
				EBF47450273AC448004E2E16 /* BatteryTestView.swift in Sources */,
				EBF4744F273AC448004E2E16 /* ContentView.swift in Sources */,
				EBF47453273AC448004E2E16 /* HWInfoGetter.swift in Sources */,
			);
			runOnlyForDeploymentPostprocessing = 0;
		};
		EB6DC78F271981DC006B4A56 /* Sources */ = {
			isa = PBXSourcesBuildPhase;
			buildActionMask = 2147483647;
			files = (
				EB6DC798271981DC006B4A56 /* NitrogenTests.swift in Sources */,
			);
			runOnlyForDeploymentPostprocessing = 0;
		};
		EB6DC799271981DC006B4A56 /* Sources */ = {
			isa = PBXSourcesBuildPhase;
			buildActionMask = 2147483647;
			files = (
				EB6DC7A2271981DC006B4A56 /* NitrogenUITests.swift in Sources */,
			);
			runOnlyForDeploymentPostprocessing = 0;
		};
		EBF47458273AC7D4004E2E16 /* Sources */ = {
			isa = PBXSourcesBuildPhase;
			buildActionMask = 2147483647;
			files = (
				EBF47459273AC7D4004E2E16 /* AboutView.swift in Sources */,
				EBF4745A273AC7D4004E2E16 /* HelpViews.swift in Sources */,
				EBF4745B273AC7D4004E2E16 /* LicenseView.swift in Sources */,
				EBF4745C273AC7D4004E2E16 /* DeviceView.swift in Sources */,
				EBF4745D273AC7D4004E2E16 /* NitrogenApp.swift in Sources */,
				EBF4745E273AC7D4004E2E16 /* BatteryTestView.swift in Sources */,
				EBF4745F273AC7D4004E2E16 /* ContentView.swift in Sources */,
				EBF47460273AC7D4004E2E16 /* HWInfoGetter.swift in Sources */,
			);
			runOnlyForDeploymentPostprocessing = 0;
		};
/* End PBXSourcesBuildPhase section */

/* Begin PBXTargetDependency section */
		EB6DC795271981DC006B4A56 /* PBXTargetDependency */ = {
			isa = PBXTargetDependency;
			target = EB6DC782271981DA006B4A56 /* Nitrogen */;
			targetProxy = EB6DC794271981DC006B4A56 /* PBXContainerItemProxy */;
		};
		EB6DC79F271981DC006B4A56 /* PBXTargetDependency */ = {
			isa = PBXTargetDependency;
			target = EB6DC782271981DA006B4A56 /* Nitrogen */;
			targetProxy = EB6DC79E271981DC006B4A56 /* PBXContainerItemProxy */;
		};
/* End PBXTargetDependency section */

/* Begin XCBuildConfiguration section */
		EB6DC7A3271981DC006B4A56 /* Debug */ = {
			isa = XCBuildConfiguration;
			buildSettings = {
				ALWAYS_SEARCH_USER_PATHS = NO;
				CLANG_ANALYZER_NONNULL = YES;
				CLANG_ANALYZER_NUMBER_OBJECT_CONVERSION = YES_AGGRESSIVE;
				CLANG_CXX_LANGUAGE_STANDARD = "gnu++17";
				CLANG_CXX_LIBRARY = "libc++";
				CLANG_ENABLE_MODULES = YES;
				CLANG_ENABLE_OBJC_ARC = YES;
				CLANG_ENABLE_OBJC_WEAK = YES;
				CLANG_WARN_BLOCK_CAPTURE_AUTORELEASING = YES;
				CLANG_WARN_BOOL_CONVERSION = YES;
				CLANG_WARN_COMMA = YES;
				CLANG_WARN_CONSTANT_CONVERSION = YES;
				CLANG_WARN_DEPRECATED_OBJC_IMPLEMENTATIONS = YES;
				CLANG_WARN_DIRECT_OBJC_ISA_USAGE = YES_ERROR;
				CLANG_WARN_DOCUMENTATION_COMMENTS = YES;
				CLANG_WARN_EMPTY_BODY = YES;
				CLANG_WARN_ENUM_CONVERSION = YES;
				CLANG_WARN_INFINITE_RECURSION = YES;
				CLANG_WARN_INT_CONVERSION = YES;
				CLANG_WARN_NON_LITERAL_NULL_CONVERSION = YES;
				CLANG_WARN_OBJC_IMPLICIT_RETAIN_SELF = YES;
				CLANG_WARN_OBJC_LITERAL_CONVERSION = YES;
				CLANG_WARN_OBJC_ROOT_CLASS = YES_ERROR;
				CLANG_WARN_QUOTED_INCLUDE_IN_FRAMEWORK_HEADER = YES;
				CLANG_WARN_RANGE_LOOP_ANALYSIS = YES;
				CLANG_WARN_STRICT_PROTOTYPES = YES;
				CLANG_WARN_SUSPICIOUS_MOVE = YES;
				CLANG_WARN_UNGUARDED_AVAILABILITY = YES_AGGRESSIVE;
				CLANG_WARN_UNREACHABLE_CODE = YES;
				CLANG_WARN__DUPLICATE_METHOD_MATCH = YES;
				COPY_PHASE_STRIP = NO;
				DEBUG_INFORMATION_FORMAT = dwarf;
				ENABLE_STRICT_OBJC_MSGSEND = YES;
				ENABLE_TESTABILITY = YES;
				GCC_C_LANGUAGE_STANDARD = gnu11;
				GCC_DYNAMIC_NO_PIC = NO;
				GCC_NO_COMMON_BLOCKS = YES;
				GCC_OPTIMIZATION_LEVEL = 0;
				GCC_PREPROCESSOR_DEFINITIONS = (
					"DEBUG=1",
					"$(inherited)",
				);
				GCC_WARN_64_TO_32_BIT_CONVERSION = YES;
				GCC_WARN_ABOUT_RETURN_TYPE = YES_ERROR;
				GCC_WARN_UNDECLARED_SELECTOR = YES;
				GCC_WARN_UNINITIALIZED_AUTOS = YES_AGGRESSIVE;
				GCC_WARN_UNUSED_FUNCTION = YES;
				GCC_WARN_UNUSED_VARIABLE = YES;
				IPHONEOS_DEPLOYMENT_TARGET = 15.0;
				MTL_ENABLE_DEBUG_INFO = INCLUDE_SOURCE;
				MTL_FAST_MATH = YES;
				ONLY_ACTIVE_ARCH = YES;
				SDKROOT = iphoneos;
				SWIFT_ACTIVE_COMPILATION_CONDITIONS = DEBUG;
				SWIFT_OPTIMIZATION_LEVEL = "-Onone";
			};
			name = Debug;
		};
		EB6DC7A4271981DC006B4A56 /* Release */ = {
			isa = XCBuildConfiguration;
			buildSettings = {
				ALWAYS_SEARCH_USER_PATHS = NO;
				CLANG_ANALYZER_NONNULL = YES;
				CLANG_ANALYZER_NUMBER_OBJECT_CONVERSION = YES_AGGRESSIVE;
				CLANG_CXX_LANGUAGE_STANDARD = "gnu++17";
				CLANG_CXX_LIBRARY = "libc++";
				CLANG_ENABLE_MODULES = YES;
				CLANG_ENABLE_OBJC_ARC = YES;
				CLANG_ENABLE_OBJC_WEAK = YES;
				CLANG_WARN_BLOCK_CAPTURE_AUTORELEASING = YES;
				CLANG_WARN_BOOL_CONVERSION = YES;
				CLANG_WARN_COMMA = YES;
				CLANG_WARN_CONSTANT_CONVERSION = YES;
				CLANG_WARN_DEPRECATED_OBJC_IMPLEMENTATIONS = YES;
				CLANG_WARN_DIRECT_OBJC_ISA_USAGE = YES_ERROR;
				CLANG_WARN_DOCUMENTATION_COMMENTS = YES;
				CLANG_WARN_EMPTY_BODY = YES;
				CLANG_WARN_ENUM_CONVERSION = YES;
				CLANG_WARN_INFINITE_RECURSION = YES;
				CLANG_WARN_INT_CONVERSION = YES;
				CLANG_WARN_NON_LITERAL_NULL_CONVERSION = YES;
				CLANG_WARN_OBJC_IMPLICIT_RETAIN_SELF = YES;
				CLANG_WARN_OBJC_LITERAL_CONVERSION = YES;
				CLANG_WARN_OBJC_ROOT_CLASS = YES_ERROR;
				CLANG_WARN_QUOTED_INCLUDE_IN_FRAMEWORK_HEADER = YES;
				CLANG_WARN_RANGE_LOOP_ANALYSIS = YES;
				CLANG_WARN_STRICT_PROTOTYPES = YES;
				CLANG_WARN_SUSPICIOUS_MOVE = YES;
				CLANG_WARN_UNGUARDED_AVAILABILITY = YES_AGGRESSIVE;
				CLANG_WARN_UNREACHABLE_CODE = YES;
				CLANG_WARN__DUPLICATE_METHOD_MATCH = YES;
				COPY_PHASE_STRIP = NO;
				DEBUG_INFORMATION_FORMAT = "dwarf-with-dsym";
				ENABLE_NS_ASSERTIONS = NO;
				ENABLE_STRICT_OBJC_MSGSEND = YES;
				GCC_C_LANGUAGE_STANDARD = gnu11;
				GCC_NO_COMMON_BLOCKS = YES;
				GCC_WARN_64_TO_32_BIT_CONVERSION = YES;
				GCC_WARN_ABOUT_RETURN_TYPE = YES_ERROR;
				GCC_WARN_UNDECLARED_SELECTOR = YES;
				GCC_WARN_UNINITIALIZED_AUTOS = YES_AGGRESSIVE;
				GCC_WARN_UNUSED_FUNCTION = YES;
				GCC_WARN_UNUSED_VARIABLE = YES;
				IPHONEOS_DEPLOYMENT_TARGET = 15.0;
				MTL_ENABLE_DEBUG_INFO = NO;
				MTL_FAST_MATH = YES;
				SDKROOT = iphoneos;
				SWIFT_COMPILATION_MODE = wholemodule;
				SWIFT_OPTIMIZATION_LEVEL = "-O";
				VALIDATE_PRODUCT = YES;
			};
			name = Release;
		};
		EB6DC7A6271981DC006B4A56 /* Debug */ = {
			isa = XCBuildConfiguration;
			buildSettings = {
				ASSETCATALOG_COMPILER_APPICON_NAME = AppIcon;
				ASSETCATALOG_COMPILER_GLOBAL_ACCENT_COLOR_NAME = AccentColor;
				CODE_SIGN_STYLE = Automatic;
				CURRENT_PROJECT_VERSION = 9004764;
				DEBUG_INFORMATION_FORMAT = "dwarf-with-dsym";
				DEVELOPMENT_ASSET_PATHS = "\"Nitrogen/Preview Content\"";
				DEVELOPMENT_TEAM = UN964XDAH7;
				ENABLE_PREVIEWS = YES;
				GENERATE_INFOPLIST_FILE = YES;
				INFOPLIST_FILE = Nitrogen/Info.plist;
				INFOPLIST_KEY_UIApplicationSupportsIndirectInputEvents = YES;
				INFOPLIST_KEY_UILaunchScreen_Generation = YES;
				INFOPLIST_KEY_UISupportedInterfaceOrientations = "UIInterfaceOrientationPortrait UIInterfaceOrientationLandscapeLeft UIInterfaceOrientationLandscapeRight";
				INFOPLIST_KEY_UISupportedInterfaceOrientations_iPad = "UIInterfaceOrientationlandscapeRight UIInterfaceOrientationlandscapeLeft";
				INFOPLIST_KEY_UISupportedInterfaceOrientations_iPhone = "UIInterfaceOrientationPortrait UIInterfaceOrientationLandscapeLeft UIInterfaceOrientationLandscapeRight";
				IPHONEOS_DEPLOYMENT_TARGET = 14.0;
				LD_RUNPATH_SEARCH_PATHS = (
					"$(inherited)",
					"@executable_path/Frameworks",
				);
				MARKETING_VERSION = 1.0.0;
				PRODUCT_BUNDLE_IDENTIFIER = xyz.7df.N2;
				PRODUCT_NAME = Nitrogen;
				SWIFT_EMIT_LOC_STRINGS = YES;
				SWIFT_VERSION = 5.0;
				TARGETED_DEVICE_FAMILY = "1,2";
			};
			name = Debug;
		};
		EB6DC7A7271981DC006B4A56 /* Release */ = {
			isa = XCBuildConfiguration;
			buildSettings = {
				ASSETCATALOG_COMPILER_APPICON_NAME = AppIcon;
				ASSETCATALOG_COMPILER_GLOBAL_ACCENT_COLOR_NAME = AccentColor;
				CODE_SIGN_STYLE = Automatic;
				CURRENT_PROJECT_VERSION = 9004764;
				DEVELOPMENT_ASSET_PATHS = "\"Nitrogen/Preview Content\"";
				DEVELOPMENT_TEAM = UN964XDAH7;
				ENABLE_PREVIEWS = YES;
				GENERATE_INFOPLIST_FILE = YES;
				INFOPLIST_FILE = Nitrogen/Info.plist;
				INFOPLIST_KEY_UIApplicationSupportsIndirectInputEvents = YES;
				INFOPLIST_KEY_UILaunchScreen_Generation = YES;
				INFOPLIST_KEY_UISupportedInterfaceOrientations = "UIInterfaceOrientationPortrait UIInterfaceOrientationLandscapeLeft UIInterfaceOrientationLandscapeRight";
				INFOPLIST_KEY_UISupportedInterfaceOrientations_iPad = "UIInterfaceOrientationlandscapeRight UIInterfaceOrientationlandscapeLeft";
				INFOPLIST_KEY_UISupportedInterfaceOrientations_iPhone = "UIInterfaceOrientationPortrait UIInterfaceOrientationLandscapeLeft UIInterfaceOrientationLandscapeRight";
				IPHONEOS_DEPLOYMENT_TARGET = 14.0;
				LD_RUNPATH_SEARCH_PATHS = (
					"$(inherited)",
					"@executable_path/Frameworks",
				);
				MARKETING_VERSION = 1.0.0;
				PRODUCT_BUNDLE_IDENTIFIER = xyz.7df.N2;
				PRODUCT_NAME = Nitrogen;
				SWIFT_EMIT_LOC_STRINGS = YES;
				SWIFT_VERSION = 5.0;
				TARGETED_DEVICE_FAMILY = "1,2";
			};
			name = Release;
		};
		EB6DC7A9271981DC006B4A56 /* Debug */ = {
			isa = XCBuildConfiguration;
			buildSettings = {
				ALWAYS_EMBED_SWIFT_STANDARD_LIBRARIES = YES;
				BUNDLE_LOADER = "$(TEST_HOST)";
				CODE_SIGN_STYLE = Automatic;
				CURRENT_PROJECT_VERSION = 1;
				DEVELOPMENT_TEAM = UN964XDAH7;
				GENERATE_INFOPLIST_FILE = YES;
				IPHONEOS_DEPLOYMENT_TARGET = 14.0;
				LD_RUNPATH_SEARCH_PATHS = (
					"$(inherited)",
					"@executable_path/Frameworks",
					"@loader_path/Frameworks",
				);
				MARKETING_VERSION = 1.0;
				PRODUCT_BUNDLE_IDENTIFIER = "xyz.7df.photos-printedTests";
				PRODUCT_NAME = "$(TARGET_NAME)";
				SWIFT_EMIT_LOC_STRINGS = NO;
				SWIFT_VERSION = 5.0;
				TARGETED_DEVICE_FAMILY = "1,2";
				TEST_HOST = "$(BUILT_PRODUCTS_DIR)/Nitrogen.app/Nitrogen";
			};
			name = Debug;
		};
		EB6DC7AA271981DC006B4A56 /* Release */ = {
			isa = XCBuildConfiguration;
			buildSettings = {
				ALWAYS_EMBED_SWIFT_STANDARD_LIBRARIES = YES;
				BUNDLE_LOADER = "$(TEST_HOST)";
				CODE_SIGN_STYLE = Automatic;
				CURRENT_PROJECT_VERSION = 1;
				DEVELOPMENT_TEAM = UN964XDAH7;
				GENERATE_INFOPLIST_FILE = YES;
				IPHONEOS_DEPLOYMENT_TARGET = 14.0;
				LD_RUNPATH_SEARCH_PATHS = (
					"$(inherited)",
					"@executable_path/Frameworks",
					"@loader_path/Frameworks",
				);
				MARKETING_VERSION = 1.0;
				PRODUCT_BUNDLE_IDENTIFIER = "xyz.7df.photos-printedTests";
				PRODUCT_NAME = "$(TARGET_NAME)";
				SWIFT_EMIT_LOC_STRINGS = NO;
				SWIFT_VERSION = 5.0;
				TARGETED_DEVICE_FAMILY = "1,2";
				TEST_HOST = "$(BUILT_PRODUCTS_DIR)/Nitrogen.app/Nitrogen";
			};
			name = Release;
		};
		EB6DC7AC271981DC006B4A56 /* Debug */ = {
			isa = XCBuildConfiguration;
			buildSettings = {
				ALWAYS_EMBED_SWIFT_STANDARD_LIBRARIES = YES;
				CODE_SIGN_STYLE = Automatic;
				CURRENT_PROJECT_VERSION = 1;
				DEVELOPMENT_TEAM = UN964XDAH7;
				GENERATE_INFOPLIST_FILE = YES;
				LD_RUNPATH_SEARCH_PATHS = (
					"$(inherited)",
					"@executable_path/Frameworks",
					"@loader_path/Frameworks",
				);
				MARKETING_VERSION = 1.0;
				PRODUCT_BUNDLE_IDENTIFIER = "xyz.7df.photos-printedUITests";
				PRODUCT_NAME = "$(TARGET_NAME)";
				SWIFT_EMIT_LOC_STRINGS = NO;
				SWIFT_VERSION = 5.0;
				TARGETED_DEVICE_FAMILY = "1,2";
				TEST_TARGET_NAME = "photos printed";
			};
			name = Debug;
		};
		EB6DC7AD271981DC006B4A56 /* Release */ = {
			isa = XCBuildConfiguration;
			buildSettings = {
				ALWAYS_EMBED_SWIFT_STANDARD_LIBRARIES = YES;
				CODE_SIGN_STYLE = Automatic;
				CURRENT_PROJECT_VERSION = 1;
				DEVELOPMENT_TEAM = UN964XDAH7;
				GENERATE_INFOPLIST_FILE = YES;
				LD_RUNPATH_SEARCH_PATHS = (
					"$(inherited)",
					"@executable_path/Frameworks",
					"@loader_path/Frameworks",
				);
				MARKETING_VERSION = 1.0;
				PRODUCT_BUNDLE_IDENTIFIER = "xyz.7df.photos-printedUITests";
				PRODUCT_NAME = "$(TARGET_NAME)";
				SWIFT_EMIT_LOC_STRINGS = NO;
				SWIFT_VERSION = 5.0;
				TARGETED_DEVICE_FAMILY = "1,2";
				TEST_TARGET_NAME = "photos printed";
			};
			name = Release;
		};
		EBF47467273AC7D4004E2E16 /* Debug */ = {
			isa = XCBuildConfiguration;
			buildSettings = {
				ASSETCATALOG_COMPILER_APPICON_NAME = AppIcon;
				ASSETCATALOG_COMPILER_GLOBAL_ACCENT_COLOR_NAME = AccentColor;
				CODE_SIGN_STYLE = Automatic;
				CURRENT_PROJECT_VERSION = 26959bf;
				DEBUG_INFORMATION_FORMAT = "dwarf-with-dsym";
				DEVELOPMENT_ASSET_PATHS = "\"Nitrogen/Preview Content\"";
				DEVELOPMENT_TEAM = UN964XDAH7;
				ENABLE_PREVIEWS = YES;
				GENERATE_INFOPLIST_FILE = YES;
				INFOPLIST_FILE = "Nitrogen-iPad-Info.plist";
				INFOPLIST_KEY_CFBundleDisplayName = "Nitrogen (ipad test)";
				INFOPLIST_KEY_UIApplicationSceneManifest_Generation = YES;
				INFOPLIST_KEY_UIApplicationSupportsIndirectInputEvents = YES;
				INFOPLIST_KEY_UILaunchScreen_Generation = YES;
				INFOPLIST_KEY_UISupportedInterfaceOrientations_iPad = "UIInterfaceOrientationLandscapeLeft UIInterfaceOrientationLandscapeRight";
				INFOPLIST_KEY_UISupportedInterfaceOrientations_iPhone = "UIInterfaceOrientationPortrait UIInterfaceOrientationLandscapeLeft UIInterfaceOrientationLandscapeRight";
				IPHONEOS_DEPLOYMENT_TARGET = 14.0;
				LD_RUNPATH_SEARCH_PATHS = (
					"$(inherited)",
					"@executable_path/Frameworks",
				);
				MARKETING_VERSION = 1.0;
				PRODUCT_BUNDLE_IDENTIFIER = xyz.7df.N2;
				PRODUCT_NAME = "Nitrogen-iPad-test-thing";
				SWIFT_EMIT_LOC_STRINGS = YES;
				SWIFT_VERSION = 5.0;
				TARGETED_DEVICE_FAMILY = 2;
			};
			name = Debug;
		};
		EBF47468273AC7D4004E2E16 /* Release */ = {
			isa = XCBuildConfiguration;
			buildSettings = {
				ASSETCATALOG_COMPILER_APPICON_NAME = AppIcon;
				ASSETCATALOG_COMPILER_GLOBAL_ACCENT_COLOR_NAME = AccentColor;
				CODE_SIGN_STYLE = Automatic;
				CURRENT_PROJECT_VERSION = 26959bf;
				DEVELOPMENT_ASSET_PATHS = "\"Nitrogen/Preview Content\"";
				DEVELOPMENT_TEAM = UN964XDAH7;
				ENABLE_PREVIEWS = YES;
				GENERATE_INFOPLIST_FILE = YES;
				INFOPLIST_FILE = "Nitrogen-iPad-Info.plist";
				INFOPLIST_KEY_CFBundleDisplayName = "Nitrogen (ipad test)";
				INFOPLIST_KEY_UIApplicationSceneManifest_Generation = YES;
				INFOPLIST_KEY_UIApplicationSupportsIndirectInputEvents = YES;
				INFOPLIST_KEY_UILaunchScreen_Generation = YES;
				INFOPLIST_KEY_UISupportedInterfaceOrientations_iPad = "UIInterfaceOrientationLandscapeLeft UIInterfaceOrientationLandscapeRight";
				INFOPLIST_KEY_UISupportedInterfaceOrientations_iPhone = "UIInterfaceOrientationPortrait UIInterfaceOrientationLandscapeLeft UIInterfaceOrientationLandscapeRight";
				IPHONEOS_DEPLOYMENT_TARGET = 14.0;
				LD_RUNPATH_SEARCH_PATHS = (
					"$(inherited)",
					"@executable_path/Frameworks",
				);
				MARKETING_VERSION = 1.0;
				PRODUCT_BUNDLE_IDENTIFIER = xyz.7df.N2;
				PRODUCT_NAME = "Nitrogen-iPad-test-thing";
				SWIFT_EMIT_LOC_STRINGS = YES;
				SWIFT_VERSION = 5.0;
				TARGETED_DEVICE_FAMILY = 2;
			};
			name = Release;
		};
/* End XCBuildConfiguration section */

/* Begin XCConfigurationList section */
		EB6DC77E271981DA006B4A56 /* Build configuration list for PBXProject "Nitrogen" */ = {
			isa = XCConfigurationList;
			buildConfigurations = (
				EB6DC7A3271981DC006B4A56 /* Debug */,
				EB6DC7A4271981DC006B4A56 /* Release */,
			);
			defaultConfigurationIsVisible = 0;
			defaultConfigurationName = Release;
		};
		EB6DC7A5271981DC006B4A56 /* Build configuration list for PBXNativeTarget "Nitrogen" */ = {
			isa = XCConfigurationList;
			buildConfigurations = (
				EB6DC7A6271981DC006B4A56 /* Debug */,
				EB6DC7A7271981DC006B4A56 /* Release */,
			);
			defaultConfigurationIsVisible = 0;
			defaultConfigurationName = Release;
		};
		EB6DC7A8271981DC006B4A56 /* Build configuration list for PBXNativeTarget "NitrogenTests" */ = {
			isa = XCConfigurationList;
			buildConfigurations = (
				EB6DC7A9271981DC006B4A56 /* Debug */,
				EB6DC7AA271981DC006B4A56 /* Release */,
			);
			defaultConfigurationIsVisible = 0;
			defaultConfigurationName = Release;
		};
		EB6DC7AB271981DC006B4A56 /* Build configuration list for PBXNativeTarget "NitrogenUITests" */ = {
			isa = XCConfigurationList;
			buildConfigurations = (
				EB6DC7AC271981DC006B4A56 /* Debug */,
				EB6DC7AD271981DC006B4A56 /* Release */,
			);
			defaultConfigurationIsVisible = 0;
			defaultConfigurationName = Release;
		};
		EBF47466273AC7D4004E2E16 /* Build configuration list for PBXNativeTarget "Nitrogen-iPad" */ = {
			isa = XCConfigurationList;
			buildConfigurations = (
				EBF47467273AC7D4004E2E16 /* Debug */,
				EBF47468273AC7D4004E2E16 /* Release */,
			);
			defaultConfigurationIsVisible = 0;
			defaultConfigurationName = Release;
		};
/* End XCConfigurationList section */

/* Begin XCRemoteSwiftPackageReference section */
		EBF47457273AC7D4004E2E16 /* XCRemoteSwiftPackageReference "swiftUI-slide-over-card" */ = {
			isa = XCRemoteSwiftPackageReference;
			repositoryURL = "https://github.com/moifort/swiftUI-slide-over-card";
			requirement = {
				kind = upToNextMajorVersion;
				minimumVersion = 1.0.0;
			};
		};
/* End XCRemoteSwiftPackageReference section */

/* Begin XCSwiftPackageProductDependency section */
		EBF47456273AC7D4004E2E16 /* SlideOverCard */ = {
			isa = XCSwiftPackageProductDependency;
			package = EBF47457273AC7D4004E2E16 /* XCRemoteSwiftPackageReference "swiftUI-slide-over-card" */;
			productName = SlideOverCard;
		};
/* End XCSwiftPackageProductDependency section */
	};
	rootObject = EB6DC77B271981DA006B4A56 /* Project object */;
}
